
Microsoft Visual Studio Solution File, Format Version 11.00
# Visual Studio 2010
Project("{FAE04EC0-301F-11D3-BF4B-00C04F79EFBC}") = "OCS_HindiTyping", "OCS_HindiTyping\OCS_HindiTyping.csproj", "{E1458FC2-E23F-48AA-B508-4B837C6E3426}"
EndProject
Project("{54435603-DBB4-11D2-8724-00A0C9A8B90C}") = "Setup4", "Setup4\Setup4.vdproj", "{61D55234-12F6-475B-B132-1C74C3488FF5}"
EndProject
Global
	GlobalSection(SolutionConfigurationPlatforms) = preSolution
		Debug|x86 = Debug|x86
		Release|x86 = Release|x86
	EndGlobalSection
	GlobalSection(ProjectConfigurationPlatforms) = postSolution
		{E1458FC2-E23F-48AA-B508-4B837C6E3426}.Debug|x86.ActiveCfg = Debug|x86
		{E1458FC2-E23F-48AA-B508-4B837C6E3426}.Debug|x86.Build.0 = Debug|x86
		{E1458FC2-E23F-48AA-B508-4B837C6E3426}.Release|x86.ActiveCfg = Release|x86
		{E1458FC2-E23F-48AA-B508-4B837C6E3426}.Release|x86.Build.0 = Release|x86
		{61D55234-12F6-475B-B132-1C74C3488FF5}.Debug|x86.ActiveCfg = Debug
		{61D55234-12F6-475B-B132-1C74C3488FF5}.Release|x86.ActiveCfg = Release
	EndGlobalSection
	GlobalSection(SolutionProperties) = preSolution
		HideSolutionNode = FALSE
	EndGlobalSection
EndGlobal
